// !$*UTF8*$!
{
	archiveVersion = 1;
	classes = {
	};
	objectVersion = 46;
	objects = {

/* Begin PBXBuildFile section */
		501542DA14C9B520001B842E /* SpotifyPlayer.m in Sources */ = {isa = PBXBuildFile; fileRef = 501542D814C9B520001B842E /* SpotifyPlayer.m */; };
		501542DB14C9B520001B842E /* SpotifyPlayer.xib in Resources */ = {isa = PBXBuildFile; fileRef = 501542D914C9B520001B842E /* SpotifyPlayer.xib */; };
		501542ED14C9BA4B001B842E /* pause.png in Resources */ = {isa = PBXBuildFile; fileRef = 501542E914C9BA4B001B842E /* pause.png */; };
		501542EE14C9BA4B001B842E /* pause@2x.png in Resources */ = {isa = PBXBuildFile; fileRef = 501542EA14C9BA4B001B842E /* pause@2x.png */; };
		501542EF14C9BA4B001B842E /* play.png in Resources */ = {isa = PBXBuildFile; fileRef = 501542EB14C9BA4B001B842E /* play.png */; };
		501542F014C9BA4B001B842E /* play@2x.png in Resources */ = {isa = PBXBuildFile; fileRef = 501542EC14C9BA4B001B842E /* play@2x.png */; };
		5022F1AB14C9E593007B864B /* libCocoaLibSpotify.a in Frameworks */ = {isa = PBXBuildFile; fileRef = 5022F1A914C9E57A007B864B /* libCocoaLibSpotify.a */; };
		5022F1B514C9E75F007B864B /* libstdc++.dylib in Frameworks */ = {isa = PBXBuildFile; fileRef = 5022F1B414C9E75F007B864B /* libstdc++.dylib */; };
		5022F1B714C9E76B007B864B /* CFNetwork.framework in Frameworks */ = {isa = PBXBuildFile; fileRef = 5022F1B614C9E76B007B864B /* CFNetwork.framework */; };
		503755D0147FF873001870C9 /* AVFoundation.framework in Frameworks */ = {isa = PBXBuildFile; fileRef = 503755CF147FF873001870C9 /* AVFoundation.framework */; };
		503755D7147FFA16001870C9 /* InputRecorder.mm in Sources */ = {isa = PBXBuildFile; fileRef = 503755D6147FFA16001870C9 /* InputRecorder.mm */; };
		503755DE14800B39001870C9 /* AnalyseViewController.mm in Sources */ = {isa = PBXBuildFile; fileRef = 503755DC14800B39001870C9 /* AnalyseViewController.mm */; };
		503755DF14800B39001870C9 /* AnalyseViewController.xib in Resources */ = {isa = PBXBuildFile; fileRef = 503755DD14800B39001870C9 /* AnalyseViewController.xib */; };
		503755E214800C34001870C9 /* MBProgressHUD.m in Sources */ = {isa = PBXBuildFile; fileRef = 503755E114800C34001870C9 /* MBProgressHUD.m */; settings = {COMPILER_FLAGS = "-fno-objc-arc"; }; };
		503755EB14801E6E001870C9 /* green.png in Resources */ = {isa = PBXBuildFile; fileRef = 503755E814801E6E001870C9 /* green.png */; };
		503755EC14801E6E001870C9 /* orange.png in Resources */ = {isa = PBXBuildFile; fileRef = 503755E914801E6E001870C9 /* orange.png */; };
		503755ED14801E6E001870C9 /* red.png in Resources */ = {isa = PBXBuildFile; fileRef = 503755EA14801E6E001870C9 /* red.png */; };
		5056EBA5149BC68900335C9C /* ReadPlaylistSuggestions.m in Sources */ = {isa = PBXBuildFile; fileRef = 5056EBA4149BC68900335C9C /* ReadPlaylistSuggestions.m */; };
		50573FA6149A86510053B6C7 /* SpotifyURILookup.m in Sources */ = {isa = PBXBuildFile; fileRef = 50573FA5149A86510053B6C7 /* SpotifyURILookup.m */; };
		50573FAC149A8D430053B6C7 /* DisplayPlaylistViewController.m in Sources */ = {isa = PBXBuildFile; fileRef = 50573FAA149A8D430053B6C7 /* DisplayPlaylistViewController.m */; };
		50573FAD149A8D430053B6C7 /* DisplayPlaylistViewController.xib in Resources */ = {isa = PBXBuildFile; fileRef = 50573FAB149A8D430053B6C7 /* DisplayPlaylistViewController.xib */; };
		507C4C5E149E797E00A7EEE7 /* URIToURLConverter.m in Sources */ = {isa = PBXBuildFile; fileRef = 507C4C5D149E797E00A7EEE7 /* URIToURLConverter.m */; };
		507E530F14939DD50066DF21 /* EchonestPlaylistParameterViewController.m in Sources */ = {isa = PBXBuildFile; fileRef = 507E530D14939DD50066DF21 /* EchonestPlaylistParameterViewController.m */; };
		507E531014939DD50066DF21 /* EchonestPlaylistParameterViewController.xib in Resources */ = {isa = PBXBuildFile; fileRef = 507E530E14939DD50066DF21 /* EchonestPlaylistParameterViewController.xib */; };
		5094D1091480FD6700EFF0CD /* AnalysisConnection.mm in Sources */ = {isa = PBXBuildFile; fileRef = 5094D1081480FD6700EFF0CD /* AnalysisConnection.mm */; };
		5094D1141481008E00EFF0CD /* CADebugPrintf.mm in Sources */ = {isa = PBXBuildFile; fileRef = 5094D10C1481008E00EFF0CD /* CADebugPrintf.mm */; };
		5094D1151481008E00EFF0CD /* Codegen_wrapper.mm in Sources */ = {isa = PBXBuildFile; fileRef = 5094D10F1481008E00EFF0CD /* Codegen_wrapper.mm */; };
		5094D1161481008E00EFF0CD /* GetPCMFromFile.mm in Sources */ = {isa = PBXBuildFile; fileRef = 5094D1121481008E00EFF0CD /* GetPCMFromFile.mm */; };
		5094D1171481008E00EFF0CD /* libechoprint-codegen-ios.a in Frameworks */ = {isa = PBXBuildFile; fileRef = 5094D1131481008E00EFF0CD /* libechoprint-codegen-ios.a */; };
		5094D11A1481041E00EFF0CD /* AudioToolbox.framework in Frameworks */ = {isa = PBXBuildFile; fileRef = 5094D1191481041E00EFF0CD /* AudioToolbox.framework */; };
		5094D11C1481043900EFF0CD /* CoreAudio.framework in Frameworks */ = {isa = PBXBuildFile; fileRef = 5094D11B1481043900EFF0CD /* CoreAudio.framework */; };
		5094D11E1481045E00EFF0CD /* MediaPlayer.framework in Frameworks */ = {isa = PBXBuildFile; fileRef = 5094D11D1481045D00EFF0CD /* MediaPlayer.framework */; };
		5094D1201481051200EFF0CD /* SystemConfiguration.framework in Frameworks */ = {isa = PBXBuildFile; fileRef = 5094D11F1481051200EFF0CD /* SystemConfiguration.framework */; };
		5094D122148105C000EFF0CD /* libz.dylib in Frameworks */ = {isa = PBXBuildFile; fileRef = 5094D121148105C000EFF0CD /* libz.dylib */; };
		5094D13C148108F100EFF0CD /* NSObject+SBJson.m in Sources */ = {isa = PBXBuildFile; fileRef = 5094D124148108F000EFF0CD /* NSObject+SBJson.m */; };
		5094D13D148108F100EFF0CD /* SBJsonParser.m in Sources */ = {isa = PBXBuildFile; fileRef = 5094D127148108F000EFF0CD /* SBJsonParser.m */; };
		5094D13E148108F100EFF0CD /* SBJsonStreamParser.m in Sources */ = {isa = PBXBuildFile; fileRef = 5094D129148108F000EFF0CD /* SBJsonStreamParser.m */; };
		5094D13F148108F100EFF0CD /* SBJsonStreamParserAccumulator.m in Sources */ = {isa = PBXBuildFile; fileRef = 5094D12B148108F000EFF0CD /* SBJsonStreamParserAccumulator.m */; };
		5094D140148108F100EFF0CD /* SBJsonStreamParserAdapter.m in Sources */ = {isa = PBXBuildFile; fileRef = 5094D12D148108F000EFF0CD /* SBJsonStreamParserAdapter.m */; };
		5094D141148108F100EFF0CD /* SBJsonStreamParserState.m in Sources */ = {isa = PBXBuildFile; fileRef = 5094D12F148108F000EFF0CD /* SBJsonStreamParserState.m */; };
		5094D142148108F100EFF0CD /* SBJsonStreamWriter.m in Sources */ = {isa = PBXBuildFile; fileRef = 5094D131148108F000EFF0CD /* SBJsonStreamWriter.m */; };
		5094D143148108F100EFF0CD /* SBJsonStreamWriterAccumulator.m in Sources */ = {isa = PBXBuildFile; fileRef = 5094D133148108F100EFF0CD /* SBJsonStreamWriterAccumulator.m */; };
		5094D144148108F100EFF0CD /* SBJsonStreamWriterState.m in Sources */ = {isa = PBXBuildFile; fileRef = 5094D135148108F100EFF0CD /* SBJsonStreamWriterState.m */; };
		5094D145148108F100EFF0CD /* SBJsonTokeniser.m in Sources */ = {isa = PBXBuildFile; fileRef = 5094D137148108F100EFF0CD /* SBJsonTokeniser.m */; };
		5094D146148108F100EFF0CD /* SBJsonUTF8Stream.m in Sources */ = {isa = PBXBuildFile; fileRef = 5094D139148108F100EFF0CD /* SBJsonUTF8Stream.m */; };
		5094D147148108F100EFF0CD /* SBJsonWriter.m in Sources */ = {isa = PBXBuildFile; fileRef = 5094D13B148108F100EFF0CD /* SBJsonWriter.m */; };
		50A1E5C2147FE4AF005F5340 /* UIKit.framework in Frameworks */ = {isa = PBXBuildFile; fileRef = 50A1E5C1147FE4AF005F5340 /* UIKit.framework */; };
		50A1E5C4147FE4AF005F5340 /* Foundation.framework in Frameworks */ = {isa = PBXBuildFile; fileRef = 50A1E5C3147FE4AF005F5340 /* Foundation.framework */; };
		50A1E5C6147FE4AF005F5340 /* CoreGraphics.framework in Frameworks */ = {isa = PBXBuildFile; fileRef = 50A1E5C5147FE4AF005F5340 /* CoreGraphics.framework */; };
		50A1E5CC147FE4AF005F5340 /* InfoPlist.strings in Resources */ = {isa = PBXBuildFile; fileRef = 50A1E5CA147FE4AF005F5340 /* InfoPlist.strings */; };
		50A1E5CE147FE4AF005F5340 /* main.m in Sources */ = {isa = PBXBuildFile; fileRef = 50A1E5CD147FE4AF005F5340 /* main.m */; };
		50A1E5D2147FE4AF005F5340 /* playlist2AppDelegate.m in Sources */ = {isa = PBXBuildFile; fileRef = 50A1E5D1147FE4AF005F5340 /* playlist2AppDelegate.m */; };
		50A1E5E1147FE4FF005F5340 /* IdentifyViewController.mm in Sources */ = {isa = PBXBuildFile; fileRef = 50A1E5DF147FE4FF005F5340 /* IdentifyViewController.mm */; };
		50A1E5E2147FE4FF005F5340 /* IdentifyViewController.xib in Resources */ = {isa = PBXBuildFile; fileRef = 50A1E5E0147FE4FF005F5340 /* IdentifyViewController.xib */; };
		50A1E5EB147FE739005F5340 /* leather@2x.jpg in Resources */ = {isa = PBXBuildFile; fileRef = 50A1E5E9147FE739005F5340 /* leather@2x.jpg */; };
		50A1E5EC147FE739005F5340 /* leather.jpg in Resources */ = {isa = PBXBuildFile; fileRef = 50A1E5EA147FE739005F5340 /* leather.jpg */; };
		50ACD96C149D3BC600757969 /* ExtractSpotifyURI.m in Sources */ = {isa = PBXBuildFile; fileRef = 50ACD96B149D3BC600757969 /* ExtractSpotifyURI.m */; };
		50DB0CD914CA0E4100659BB2 /* SPCircularBuffer.m in Sources */ = {isa = PBXBuildFile; fileRef = 50DB0CD614CA0E4100659BB2 /* SPCircularBuffer.m */; };
		50DB0CDA14CA0E4100659BB2 /* SPPlaybackManager.m in Sources */ = {isa = PBXBuildFile; fileRef = 50DB0CD814CA0E4100659BB2 /* SPPlaybackManager.m */; };
		50E853D61494FF1F00C18F54 /* EchonestSimilarConnection.m in Sources */ = {isa = PBXBuildFile; fileRef = 50E853D51494FF1F00C18F54 /* EchonestSimilarConnection.m */; };
		50F023B91491179F00FE44D4 /* tick.png in Resources */ = {isa = PBXBuildFile; fileRef = 50F023B81491179F00FE44D4 /* tick.png */; };
		50FA52E9148135BB00A95D3C /* cross2.png in Resources */ = {isa = PBXBuildFile; fileRef = 50FA52E7148135BB00A95D3C /* cross2.png */; };
		50FA52ED1481428F00A95D3C /* SongProfileConnection.m in Sources */ = {isa = PBXBuildFile; fileRef = 50FA52EC1481428F00A95D3C /* SongProfileConnection.m */; };
/* End PBXBuildFile section */

/* Begin PBXContainerItemProxy section */
		5022F1A814C9E57A007B864B /* PBXContainerItemProxy */ = {
			isa = PBXContainerItemProxy;
			containerPortal = 5022F1A114C9E579007B864B /* CocoaLibSpotify iOS Library.xcodeproj */;
			proxyType = 2;
			remoteGlobalIDString = 50AF49DC1439CBFE00E4A5EF;
			remoteInfo = CocoaLibSpotify;
		};
		50DB0CE914CA0FB100659BB2 /* PBXContainerItemProxy */ = {
			isa = PBXContainerItemProxy;
			containerPortal = 5022F1A114C9E579007B864B /* CocoaLibSpotify iOS Library.xcodeproj */;
			proxyType = 1;
			remoteGlobalIDString = 50AF49DB1439CBFE00E4A5EF;
			remoteInfo = CocoaLibSpotify;
		};
/* End PBXContainerItemProxy section */

/* Begin PBXFileReference section */
		501542D714C9B520001B842E /* SpotifyPlayer.h */ = {isa = PBXFileReference; fileEncoding = 4; lastKnownFileType = sourcecode.c.h; path = SpotifyPlayer.h; sourceTree = "<group>"; };
		501542D814C9B520001B842E /* SpotifyPlayer.m */ = {isa = PBXFileReference; fileEncoding = 4; lastKnownFileType = sourcecode.c.objc; path = SpotifyPlayer.m; sourceTree = "<group>"; };
		501542D914C9B520001B842E /* SpotifyPlayer.xib */ = {isa = PBXFileReference; fileEncoding = 4; lastKnownFileType = file.xib; path = SpotifyPlayer.xib; sourceTree = "<group>"; };
		501542E914C9BA4B001B842E /* pause.png */ = {isa = PBXFileReference; lastKnownFileType = image.png; path = pause.png; sourceTree = "<group>"; };
		501542EA14C9BA4B001B842E /* pause@2x.png */ = {isa = PBXFileReference; lastKnownFileType = image.png; path = "pause@2x.png"; sourceTree = "<group>"; };
		501542EB14C9BA4B001B842E /* play.png */ = {isa = PBXFileReference; lastKnownFileType = image.png; path = play.png; sourceTree = "<group>"; };
		501542EC14C9BA4B001B842E /* play@2x.png */ = {isa = PBXFileReference; lastKnownFileType = image.png; path = "play@2x.png"; sourceTree = "<group>"; };
		5022F1A114C9E579007B864B /* CocoaLibSpotify iOS Library.xcodeproj */ = {isa = PBXFileReference; lastKnownFileType = "wrapper.pb-project"; name = "CocoaLibSpotify iOS Library.xcodeproj"; path = "../../../../Downloads/spotify-cocoalibspotify-2e5a286/iOS Library/CocoaLibSpotify iOS Library.xcodeproj"; sourceTree = "<group>"; };
		5022F1B314C9E66D007B864B /* appkey.h */ = {isa = PBXFileReference; fileEncoding = 4; lastKnownFileType = sourcecode.c.h; path = appkey.h; sourceTree = "<group>"; };
		5022F1B414C9E75F007B864B /* libstdc++.dylib */ = {isa = PBXFileReference; lastKnownFileType = "compiled.mach-o.dylib"; name = "libstdc++.dylib"; path = "usr/lib/libstdc++.dylib"; sourceTree = SDKROOT; };
		5022F1B614C9E76B007B864B /* CFNetwork.framework */ = {isa = PBXFileReference; lastKnownFileType = wrapper.framework; name = CFNetwork.framework; path = System/Library/Frameworks/CFNetwork.framework; sourceTree = SDKROOT; };
		503755CF147FF873001870C9 /* AVFoundation.framework */ = {isa = PBXFileReference; lastKnownFileType = wrapper.framework; name = AVFoundation.framework; path = System/Library/Frameworks/AVFoundation.framework; sourceTree = SDKROOT; };
		503755D5147FFA16001870C9 /* InputRecorder.h */ = {isa = PBXFileReference; fileEncoding = 4; lastKnownFileType = sourcecode.c.h; path = InputRecorder.h; sourceTree = "<group>"; };
		503755D6147FFA16001870C9 /* InputRecorder.mm */ = {isa = PBXFileReference; fileEncoding = 4; lastKnownFileType = sourcecode.cpp.objcpp; path = InputRecorder.mm; sourceTree = "<group>"; };
		503755DB14800B39001870C9 /* AnalyseViewController.h */ = {isa = PBXFileReference; fileEncoding = 4; lastKnownFileType = sourcecode.c.h; path = AnalyseViewController.h; sourceTree = "<group>"; };
		503755DC14800B39001870C9 /* AnalyseViewController.mm */ = {isa = PBXFileReference; fileEncoding = 4; lastKnownFileType = sourcecode.cpp.objcpp; path = AnalyseViewController.mm; sourceTree = "<group>"; };
		503755DD14800B39001870C9 /* AnalyseViewController.xib */ = {isa = PBXFileReference; fileEncoding = 4; lastKnownFileType = file.xib; path = AnalyseViewController.xib; sourceTree = "<group>"; };
		503755E014800C34001870C9 /* MBProgressHUD.h */ = {isa = PBXFileReference; fileEncoding = 4; lastKnownFileType = sourcecode.c.h; path = MBProgressHUD.h; sourceTree = "<group>"; };
		503755E114800C34001870C9 /* MBProgressHUD.m */ = {isa = PBXFileReference; fileEncoding = 4; lastKnownFileType = sourcecode.c.objc; path = MBProgressHUD.m; sourceTree = "<group>"; };
		503755E414800F6A001870C9 /* QuartzCore.framework */ = {isa = PBXFileReference; lastKnownFileType = wrapper.framework; name = QuartzCore.framework; path = System/Library/Frameworks/QuartzCore.framework; sourceTree = SDKROOT; };
		503755E814801E6E001870C9 /* green.png */ = {isa = PBXFileReference; lastKnownFileType = image.png; name = green.png; path = ../../../../Desktop/green.png; sourceTree = "<group>"; };
		503755E914801E6E001870C9 /* orange.png */ = {isa = PBXFileReference; lastKnownFileType = image.png; name = orange.png; path = ../../../../Desktop/orange.png; sourceTree = "<group>"; };
		503755EA14801E6E001870C9 /* red.png */ = {isa = PBXFileReference; lastKnownFileType = image.png; name = red.png; path = ../../../../Desktop/red.png; sourceTree = "<group>"; };
		5056EBA3149BC68900335C9C /* ReadPlaylistSuggestions.h */ = {isa = PBXFileReference; fileEncoding = 4; lastKnownFileType = sourcecode.c.h; path = ReadPlaylistSuggestions.h; sourceTree = "<group>"; };
		5056EBA4149BC68900335C9C /* ReadPlaylistSuggestions.m */ = {isa = PBXFileReference; fileEncoding = 4; lastKnownFileType = sourcecode.c.objc; path = ReadPlaylistSuggestions.m; sourceTree = "<group>"; };
		50573FA4149A86510053B6C7 /* SpotifyURILookup.h */ = {isa = PBXFileReference; fileEncoding = 4; lastKnownFileType = sourcecode.c.h; path = SpotifyURILookup.h; sourceTree = "<group>"; };
		50573FA5149A86510053B6C7 /* SpotifyURILookup.m */ = {isa = PBXFileReference; fileEncoding = 4; lastKnownFileType = sourcecode.c.objc; path = SpotifyURILookup.m; sourceTree = "<group>"; };
		50573FA9149A8D430053B6C7 /* DisplayPlaylistViewController.h */ = {isa = PBXFileReference; fileEncoding = 4; lastKnownFileType = sourcecode.c.h; path = DisplayPlaylistViewController.h; sourceTree = "<group>"; };
		50573FAA149A8D430053B6C7 /* DisplayPlaylistViewController.m */ = {isa = PBXFileReference; fileEncoding = 4; lastKnownFileType = sourcecode.c.objc; path = DisplayPlaylistViewController.m; sourceTree = "<group>"; };
		50573FAB149A8D430053B6C7 /* DisplayPlaylistViewController.xib */ = {isa = PBXFileReference; fileEncoding = 4; lastKnownFileType = file.xib; path = DisplayPlaylistViewController.xib; sourceTree = "<group>"; };
		507C4C5C149E797E00A7EEE7 /* URIToURLConverter.h */ = {isa = PBXFileReference; fileEncoding = 4; lastKnownFileType = sourcecode.c.h; path = URIToURLConverter.h; sourceTree = "<group>"; };
		507C4C5D149E797E00A7EEE7 /* URIToURLConverter.m */ = {isa = PBXFileReference; fileEncoding = 4; lastKnownFileType = sourcecode.c.objc; path = URIToURLConverter.m; sourceTree = "<group>"; };
		507E530C14939DD50066DF21 /* EchonestPlaylistParameterViewController.h */ = {isa = PBXFileReference; fileEncoding = 4; lastKnownFileType = sourcecode.c.h; path = EchonestPlaylistParameterViewController.h; sourceTree = "<group>"; };
		507E530D14939DD50066DF21 /* EchonestPlaylistParameterViewController.m */ = {isa = PBXFileReference; fileEncoding = 4; lastKnownFileType = sourcecode.c.objc; path = EchonestPlaylistParameterViewController.m; sourceTree = "<group>"; };
		507E530E14939DD50066DF21 /* EchonestPlaylistParameterViewController.xib */ = {isa = PBXFileReference; fileEncoding = 4; lastKnownFileType = file.xib; path = EchonestPlaylistParameterViewController.xib; sourceTree = "<group>"; };
		5094D1071480FD6700EFF0CD /* AnalysisConnection.h */ = {isa = PBXFileReference; fileEncoding = 4; lastKnownFileType = sourcecode.c.h; path = AnalysisConnection.h; sourceTree = "<group>"; };
		5094D1081480FD6700EFF0CD /* AnalysisConnection.mm */ = {isa = PBXFileReference; fileEncoding = 4; lastKnownFileType = sourcecode.cpp.objcpp; path = AnalysisConnection.mm; sourceTree = "<group>"; };
		5094D10A1481008E00EFF0CD /* CADebugMacros.h */ = {isa = PBXFileReference; fileEncoding = 4; lastKnownFileType = sourcecode.c.h; path = CADebugMacros.h; sourceTree = "<group>"; };
		5094D10B1481008E00EFF0CD /* CADebugPrintf.h */ = {isa = PBXFileReference; fileEncoding = 4; lastKnownFileType = sourcecode.c.h; path = CADebugPrintf.h; sourceTree = "<group>"; };
		5094D10C1481008E00EFF0CD /* CADebugPrintf.mm */ = {isa = PBXFileReference; fileEncoding = 4; lastKnownFileType = sourcecode.cpp.objcpp; path = CADebugPrintf.mm; sourceTree = "<group>"; };
		5094D10D1481008E00EFF0CD /* CAStreamBasicDescription.h */ = {isa = PBXFileReference; fileEncoding = 4; lastKnownFileType = sourcecode.c.h; path = CAStreamBasicDescription.h; sourceTree = "<group>"; };
		5094D10E1481008E00EFF0CD /* Codegen_wrapper.h */ = {isa = PBXFileReference; fileEncoding = 4; lastKnownFileType = sourcecode.c.h; path = Codegen_wrapper.h; sourceTree = "<group>"; };
		5094D10F1481008E00EFF0CD /* Codegen_wrapper.mm */ = {isa = PBXFileReference; fileEncoding = 4; lastKnownFileType = sourcecode.cpp.objcpp; path = Codegen_wrapper.mm; sourceTree = "<group>"; };
		5094D1101481008E00EFF0CD /* Codegen.h */ = {isa = PBXFileReference; fileEncoding = 4; lastKnownFileType = sourcecode.c.h; path = Codegen.h; sourceTree = "<group>"; };
		5094D1111481008E00EFF0CD /* GetPCMFromFile.h */ = {isa = PBXFileReference; fileEncoding = 4; lastKnownFileType = sourcecode.c.h; path = GetPCMFromFile.h; sourceTree = "<group>"; };
		5094D1121481008E00EFF0CD /* GetPCMFromFile.mm */ = {isa = PBXFileReference; fileEncoding = 4; lastKnownFileType = sourcecode.cpp.objcpp; path = GetPCMFromFile.mm; sourceTree = "<group>"; };
		5094D1131481008E00EFF0CD /* libechoprint-codegen-ios.a */ = {isa = PBXFileReference; lastKnownFileType = archive.ar; path = "libechoprint-codegen-ios.a"; sourceTree = "<group>"; };
		5094D1191481041E00EFF0CD /* AudioToolbox.framework */ = {isa = PBXFileReference; lastKnownFileType = wrapper.framework; name = AudioToolbox.framework; path = System/Library/Frameworks/AudioToolbox.framework; sourceTree = SDKROOT; };
		5094D11B1481043900EFF0CD /* CoreAudio.framework */ = {isa = PBXFileReference; lastKnownFileType = wrapper.framework; name = CoreAudio.framework; path = System/Library/Frameworks/CoreAudio.framework; sourceTree = SDKROOT; };
		5094D11D1481045D00EFF0CD /* MediaPlayer.framework */ = {isa = PBXFileReference; lastKnownFileType = wrapper.framework; name = MediaPlayer.framework; path = System/Library/Frameworks/MediaPlayer.framework; sourceTree = SDKROOT; };
		5094D11F1481051200EFF0CD /* SystemConfiguration.framework */ = {isa = PBXFileReference; lastKnownFileType = wrapper.framework; name = SystemConfiguration.framework; path = System/Library/Frameworks/SystemConfiguration.framework; sourceTree = SDKROOT; };
		5094D121148105C000EFF0CD /* libz.dylib */ = {isa = PBXFileReference; lastKnownFileType = "compiled.mach-o.dylib"; name = libz.dylib; path = usr/lib/libz.dylib; sourceTree = SDKROOT; };
		5094D123148108F000EFF0CD /* NSObject+SBJson.h */ = {isa = PBXFileReference; fileEncoding = 4; lastKnownFileType = sourcecode.c.h; path = "NSObject+SBJson.h"; sourceTree = "<group>"; };
		5094D124148108F000EFF0CD /* NSObject+SBJson.m */ = {isa = PBXFileReference; fileEncoding = 4; lastKnownFileType = sourcecode.c.objc; path = "NSObject+SBJson.m"; sourceTree = "<group>"; };
		5094D125148108F000EFF0CD /* SBJson.h */ = {isa = PBXFileReference; fileEncoding = 4; lastKnownFileType = sourcecode.c.h; path = SBJson.h; sourceTree = "<group>"; };
		5094D126148108F000EFF0CD /* SBJsonParser.h */ = {isa = PBXFileReference; fileEncoding = 4; lastKnownFileType = sourcecode.c.h; path = SBJsonParser.h; sourceTree = "<group>"; };
		5094D127148108F000EFF0CD /* SBJsonParser.m */ = {isa = PBXFileReference; fileEncoding = 4; lastKnownFileType = sourcecode.c.objc; path = SBJsonParser.m; sourceTree = "<group>"; };
		5094D128148108F000EFF0CD /* SBJsonStreamParser.h */ = {isa = PBXFileReference; fileEncoding = 4; lastKnownFileType = sourcecode.c.h; path = SBJsonStreamParser.h; sourceTree = "<group>"; };
		5094D129148108F000EFF0CD /* SBJsonStreamParser.m */ = {isa = PBXFileReference; fileEncoding = 4; lastKnownFileType = sourcecode.c.objc; path = SBJsonStreamParser.m; sourceTree = "<group>"; };
		5094D12A148108F000EFF0CD /* SBJsonStreamParserAccumulator.h */ = {isa = PBXFileReference; fileEncoding = 4; lastKnownFileType = sourcecode.c.h; path = SBJsonStreamParserAccumulator.h; sourceTree = "<group>"; };
		5094D12B148108F000EFF0CD /* SBJsonStreamParserAccumulator.m */ = {isa = PBXFileReference; fileEncoding = 4; lastKnownFileType = sourcecode.c.objc; path = SBJsonStreamParserAccumulator.m; sourceTree = "<group>"; };
		5094D12C148108F000EFF0CD /* SBJsonStreamParserAdapter.h */ = {isa = PBXFileReference; fileEncoding = 4; lastKnownFileType = sourcecode.c.h; path = SBJsonStreamParserAdapter.h; sourceTree = "<group>"; };
		5094D12D148108F000EFF0CD /* SBJsonStreamParserAdapter.m */ = {isa = PBXFileReference; fileEncoding = 4; lastKnownFileType = sourcecode.c.objc; path = SBJsonStreamParserAdapter.m; sourceTree = "<group>"; };
		5094D12E148108F000EFF0CD /* SBJsonStreamParserState.h */ = {isa = PBXFileReference; fileEncoding = 4; lastKnownFileType = sourcecode.c.h; path = SBJsonStreamParserState.h; sourceTree = "<group>"; };
		5094D12F148108F000EFF0CD /* SBJsonStreamParserState.m */ = {isa = PBXFileReference; fileEncoding = 4; lastKnownFileType = sourcecode.c.objc; path = SBJsonStreamParserState.m; sourceTree = "<group>"; };
		5094D130148108F000EFF0CD /* SBJsonStreamWriter.h */ = {isa = PBXFileReference; fileEncoding = 4; lastKnownFileType = sourcecode.c.h; path = SBJsonStreamWriter.h; sourceTree = "<group>"; };
		5094D131148108F000EFF0CD /* SBJsonStreamWriter.m */ = {isa = PBXFileReference; fileEncoding = 4; lastKnownFileType = sourcecode.c.objc; path = SBJsonStreamWriter.m; sourceTree = "<group>"; };
		5094D132148108F000EFF0CD /* SBJsonStreamWriterAccumulator.h */ = {isa = PBXFileReference; fileEncoding = 4; lastKnownFileType = sourcecode.c.h; path = SBJsonStreamWriterAccumulator.h; sourceTree = "<group>"; };
		5094D133148108F100EFF0CD /* SBJsonStreamWriterAccumulator.m */ = {isa = PBXFileReference; fileEncoding = 4; lastKnownFileType = sourcecode.c.objc; path = SBJsonStreamWriterAccumulator.m; sourceTree = "<group>"; };
		5094D134148108F100EFF0CD /* SBJsonStreamWriterState.h */ = {isa = PBXFileReference; fileEncoding = 4; lastKnownFileType = sourcecode.c.h; path = SBJsonStreamWriterState.h; sourceTree = "<group>"; };
		5094D135148108F100EFF0CD /* SBJsonStreamWriterState.m */ = {isa = PBXFileReference; fileEncoding = 4; lastKnownFileType = sourcecode.c.objc; path = SBJsonStreamWriterState.m; sourceTree = "<group>"; };
		5094D136148108F100EFF0CD /* SBJsonTokeniser.h */ = {isa = PBXFileReference; fileEncoding = 4; lastKnownFileType = sourcecode.c.h; path = SBJsonTokeniser.h; sourceTree = "<group>"; };
		5094D137148108F100EFF0CD /* SBJsonTokeniser.m */ = {isa = PBXFileReference; fileEncoding = 4; lastKnownFileType = sourcecode.c.objc; path = SBJsonTokeniser.m; sourceTree = "<group>"; };
		5094D138148108F100EFF0CD /* SBJsonUTF8Stream.h */ = {isa = PBXFileReference; fileEncoding = 4; lastKnownFileType = sourcecode.c.h; path = SBJsonUTF8Stream.h; sourceTree = "<group>"; };
		5094D139148108F100EFF0CD /* SBJsonUTF8Stream.m */ = {isa = PBXFileReference; fileEncoding = 4; lastKnownFileType = sourcecode.c.objc; path = SBJsonUTF8Stream.m; sourceTree = "<group>"; };
		5094D13A148108F100EFF0CD /* SBJsonWriter.h */ = {isa = PBXFileReference; fileEncoding = 4; lastKnownFileType = sourcecode.c.h; path = SBJsonWriter.h; sourceTree = "<group>"; };
		5094D13B148108F100EFF0CD /* SBJsonWriter.m */ = {isa = PBXFileReference; fileEncoding = 4; lastKnownFileType = sourcecode.c.objc; path = SBJsonWriter.m; sourceTree = "<group>"; };
		50A1E5BD147FE4AF005F5340 /* Playlist2.app */ = {isa = PBXFileReference; explicitFileType = wrapper.application; includeInIndex = 0; path = Playlist2.app; sourceTree = BUILT_PRODUCTS_DIR; };
		50A1E5C1147FE4AF005F5340 /* UIKit.framework */ = {isa = PBXFileReference; lastKnownFileType = wrapper.framework; name = UIKit.framework; path = System/Library/Frameworks/UIKit.framework; sourceTree = SDKROOT; };
		50A1E5C3147FE4AF005F5340 /* Foundation.framework */ = {isa = PBXFileReference; lastKnownFileType = wrapper.framework; name = Foundation.framework; path = System/Library/Frameworks/Foundation.framework; sourceTree = SDKROOT; };
		50A1E5C5147FE4AF005F5340 /* CoreGraphics.framework */ = {isa = PBXFileReference; lastKnownFileType = wrapper.framework; name = CoreGraphics.framework; path = System/Library/Frameworks/CoreGraphics.framework; sourceTree = SDKROOT; };
		50A1E5C9147FE4AF005F5340 /* Playlist2-Info.plist */ = {isa = PBXFileReference; lastKnownFileType = text.plist.xml; path = "Playlist2-Info.plist"; sourceTree = "<group>"; };
		50A1E5CB147FE4AF005F5340 /* en */ = {isa = PBXFileReference; lastKnownFileType = text.plist.strings; name = en; path = en.lproj/InfoPlist.strings; sourceTree = "<group>"; };
		50A1E5CD147FE4AF005F5340 /* main.m */ = {isa = PBXFileReference; lastKnownFileType = sourcecode.c.objc; path = main.m; sourceTree = "<group>"; };
		50A1E5CF147FE4AF005F5340 /* Playlist2-Prefix.pch */ = {isa = PBXFileReference; lastKnownFileType = sourcecode.c.h; path = "Playlist2-Prefix.pch"; sourceTree = "<group>"; };
		50A1E5D0147FE4AF005F5340 /* playlist2AppDelegate.h */ = {isa = PBXFileReference; lastKnownFileType = sourcecode.c.h; path = playlist2AppDelegate.h; sourceTree = "<group>"; };
		50A1E5D1147FE4AF005F5340 /* playlist2AppDelegate.m */ = {isa = PBXFileReference; lastKnownFileType = sourcecode.c.objc; path = playlist2AppDelegate.m; sourceTree = "<group>"; };
		50A1E5DE147FE4FF005F5340 /* IdentifyViewController.h */ = {isa = PBXFileReference; fileEncoding = 4; lastKnownFileType = sourcecode.c.h; path = IdentifyViewController.h; sourceTree = "<group>"; };
		50A1E5DF147FE4FF005F5340 /* IdentifyViewController.mm */ = {isa = PBXFileReference; fileEncoding = 4; lastKnownFileType = sourcecode.cpp.objcpp; path = IdentifyViewController.mm; sourceTree = "<group>"; };
		50A1E5E0147FE4FF005F5340 /* IdentifyViewController.xib */ = {isa = PBXFileReference; fileEncoding = 4; lastKnownFileType = file.xib; path = IdentifyViewController.xib; sourceTree = "<group>"; };
		50A1E5E9147FE739005F5340 /* leather@2x.jpg */ = {isa = PBXFileReference; lastKnownFileType = image.jpeg; name = "leather@2x.jpg"; path = "Playlist2/leather@2x.jpg"; sourceTree = "<group>"; };
		50A1E5EA147FE739005F5340 /* leather.jpg */ = {isa = PBXFileReference; lastKnownFileType = image.jpeg; name = leather.jpg; path = Playlist2/leather.jpg; sourceTree = "<group>"; };
		50ACD96A149D3BC600757969 /* ExtractSpotifyURI.h */ = {isa = PBXFileReference; fileEncoding = 4; lastKnownFileType = sourcecode.c.h; path = ExtractSpotifyURI.h; sourceTree = "<group>"; };
		50ACD96B149D3BC600757969 /* ExtractSpotifyURI.m */ = {isa = PBXFileReference; fileEncoding = 4; lastKnownFileType = sourcecode.c.objc; path = ExtractSpotifyURI.m; sourceTree = "<group>"; };
		50DB0CD514CA0E4100659BB2 /* SPCircularBuffer.h */ = {isa = PBXFileReference; fileEncoding = 4; lastKnownFileType = sourcecode.c.h; name = SPCircularBuffer.h; path = "../../../../../Desktop/ARC Playback Classes/SPCircularBuffer.h"; sourceTree = "<group>"; };
		50DB0CD614CA0E4100659BB2 /* SPCircularBuffer.m */ = {isa = PBXFileReference; fileEncoding = 4; lastKnownFileType = sourcecode.c.objc; name = SPCircularBuffer.m; path = "../../../../../Desktop/ARC Playback Classes/SPCircularBuffer.m"; sourceTree = "<group>"; };
		50DB0CD714CA0E4100659BB2 /* SPPlaybackManager.h */ = {isa = PBXFileReference; fileEncoding = 4; lastKnownFileType = sourcecode.c.h; name = SPPlaybackManager.h; path = "../../../../../Desktop/ARC Playback Classes/SPPlaybackManager.h"; sourceTree = "<group>"; };
		50DB0CD814CA0E4100659BB2 /* SPPlaybackManager.m */ = {isa = PBXFileReference; fileEncoding = 4; lastKnownFileType = sourcecode.c.objc; name = SPPlaybackManager.m; path = "../../../../../Desktop/ARC Playback Classes/SPPlaybackManager.m"; sourceTree = "<group>"; };
		50E853D41494FF1F00C18F54 /* EchonestSimilarConnection.h */ = {isa = PBXFileReference; fileEncoding = 4; lastKnownFileType = sourcecode.c.h; path = EchonestSimilarConnection.h; sourceTree = "<group>"; };
		50E853D51494FF1F00C18F54 /* EchonestSimilarConnection.m */ = {isa = PBXFileReference; fileEncoding = 4; lastKnownFileType = sourcecode.c.objc; path = EchonestSimilarConnection.m; sourceTree = "<group>"; };
		50F023B81491179F00FE44D4 /* tick.png */ = {isa = PBXFileReference; lastKnownFileType = image.png; path = tick.png; sourceTree = "<group>"; };
		50FA52E7148135BB00A95D3C /* cross2.png */ = {isa = PBXFileReference; lastKnownFileType = image.png; path = cross2.png; sourceTree = "<group>"; };
		50FA52EB1481428F00A95D3C /* SongProfileConnection.h */ = {isa = PBXFileReference; fileEncoding = 4; lastKnownFileType = sourcecode.c.h; path = SongProfileConnection.h; sourceTree = "<group>"; };
		50FA52EC1481428F00A95D3C /* SongProfileConnection.m */ = {isa = PBXFileReference; fileEncoding = 4; lastKnownFileType = sourcecode.c.objc; path = SongProfileConnection.m; sourceTree = "<group>"; };
/* End PBXFileReference section */

/* Begin PBXFrameworksBuildPhase section */
		50A1E5BA147FE4AF005F5340 /* Frameworks */ = {
			isa = PBXFrameworksBuildPhase;
			buildActionMask = 2147483647;
			files = (
				5094D11C1481043900EFF0CD /* CoreAudio.framework in Frameworks */,
				5022F1AB14C9E593007B864B /* libCocoaLibSpotify.a in Frameworks */,
				5022F1B714C9E76B007B864B /* CFNetwork.framework in Frameworks */,
				5022F1B514C9E75F007B864B /* libstdc++.dylib in Frameworks */,
				5094D122148105C000EFF0CD /* libz.dylib in Frameworks */,
				5094D1201481051200EFF0CD /* SystemConfiguration.framework in Frameworks */,
				5094D11E1481045E00EFF0CD /* MediaPlayer.framework in Frameworks */,
				5094D11A1481041E00EFF0CD /* AudioToolbox.framework in Frameworks */,
				503755D0147FF873001870C9 /* AVFoundation.framework in Frameworks */,
				50A1E5C2147FE4AF005F5340 /* UIKit.framework in Frameworks */,
				50A1E5C4147FE4AF005F5340 /* Foundation.framework in Frameworks */,
				50A1E5C6147FE4AF005F5340 /* CoreGraphics.framework in Frameworks */,
				5094D1171481008E00EFF0CD /* libechoprint-codegen-ios.a in Frameworks */,
			);
			runOnlyForDeploymentPostprocessing = 0;
		};
/* End PBXFrameworksBuildPhase section */

/* Begin PBXGroup section */
		501542D514C9B4F2001B842E /* Spotify Player */ = {
			isa = PBXGroup;
			children = (
				50DB0CD514CA0E4100659BB2 /* SPCircularBuffer.h */,
				50DB0CD614CA0E4100659BB2 /* SPCircularBuffer.m */,
				50DB0CD714CA0E4100659BB2 /* SPPlaybackManager.h */,
				50DB0CD814CA0E4100659BB2 /* SPPlaybackManager.m */,
				501542D714C9B520001B842E /* SpotifyPlayer.h */,
				501542D814C9B520001B842E /* SpotifyPlayer.m */,
				501542D914C9B520001B842E /* SpotifyPlayer.xib */,
			);
			name = "Spotify Player";
			sourceTree = "<group>";
		};
		501542E814C9B5D0001B842E /* Player Images */ = {
			isa = PBXGroup;
			children = (
				501542E914C9BA4B001B842E /* pause.png */,
				501542EA14C9BA4B001B842E /* pause@2x.png */,
				501542EB14C9BA4B001B842E /* play.png */,
				501542EC14C9BA4B001B842E /* play@2x.png */,
			);
			name = "Player Images";
			sourceTree = "<group>";
		};
		5022F1A214C9E579007B864B /* Products */ = {
			isa = PBXGroup;
			children = (
				5022F1A914C9E57A007B864B /* libCocoaLibSpotify.a */,
			);
			name = Products;
			sourceTree = "<group>";
		};
		503755D8147FFA1F001870C9 /* App Delegate */ = {
			isa = PBXGroup;
			children = (
				50A1E5D0147FE4AF005F5340 /* playlist2AppDelegate.h */,
				50A1E5D1147FE4AF005F5340 /* playlist2AppDelegate.m */,
			);
			name = "App Delegate";
			sourceTree = "<group>";
		};
		503755D9147FFA2C001870C9 /* Input Recorder */ = {
			isa = PBXGroup;
			children = (
				503755D5147FFA16001870C9 /* InputRecorder.h */,
				503755D6147FFA16001870C9 /* InputRecorder.mm */,
			);
			name = "Input Recorder";
			sourceTree = "<group>";
		};
		503755DA14800B12001870C9 /* Analysis */ = {
			isa = PBXGroup;
			children = (
				503755DB14800B39001870C9 /* AnalyseViewController.h */,
				503755DC14800B39001870C9 /* AnalyseViewController.mm */,
				503755DD14800B39001870C9 /* AnalyseViewController.xib */,
				5094D1071480FD6700EFF0CD /* AnalysisConnection.h */,
				5094D1081480FD6700EFF0CD /* AnalysisConnection.mm */,
				50FA52EB1481428F00A95D3C /* SongProfileConnection.h */,
				50FA52EC1481428F00A95D3C /* SongProfileConnection.m */,
			);
			name = Analysis;
			sourceTree = "<group>";
		};
		503755E314800C37001870C9 /* Heads-Up Display */ = {
			isa = PBXGroup;
			children = (
				503755E014800C34001870C9 /* MBProgressHUD.h */,
				503755E114800C34001870C9 /* MBProgressHUD.m */,
				50F023B81491179F00FE44D4 /* tick.png */,
				50FA52E7148135BB00A95D3C /* cross2.png */,
			);
			name = "Heads-Up Display";
			sourceTree = "<group>";
		};
		503755EE14801E78001870C9 /* Record Meter */ = {
			isa = PBXGroup;
			children = (
				503755E814801E6E001870C9 /* green.png */,
				503755E914801E6E001870C9 /* orange.png */,
				503755EA14801E6E001870C9 /* red.png */,
			);
			name = "Record Meter";
			sourceTree = "<group>";
		};
		5049BA26148F70AC0037637C /* Find Similar */ = {
			isa = PBXGroup;
			children = (
				507E530C14939DD50066DF21 /* EchonestPlaylistParameterViewController.h */,
				507E530D14939DD50066DF21 /* EchonestPlaylistParameterViewController.m */,
				507E530E14939DD50066DF21 /* EchonestPlaylistParameterViewController.xib */,
				50E853D41494FF1F00C18F54 /* EchonestSimilarConnection.h */,
				50E853D51494FF1F00C18F54 /* EchonestSimilarConnection.m */,
				5056EBA3149BC68900335C9C /* ReadPlaylistSuggestions.h */,
				5056EBA4149BC68900335C9C /* ReadPlaylistSuggestions.m */,
			);
			name = "Find Similar";
			sourceTree = "<group>";
		};
		50573FA8149A8B0D0053B6C7 /* Display Playlist */ = {
			isa = PBXGroup;
			children = (
				50573FA9149A8D430053B6C7 /* DisplayPlaylistViewController.h */,
				50573FAA149A8D430053B6C7 /* DisplayPlaylistViewController.m */,
				50573FAB149A8D430053B6C7 /* DisplayPlaylistViewController.xib */,
				50573FA4149A86510053B6C7 /* SpotifyURILookup.h */,
				50573FA5149A86510053B6C7 /* SpotifyURILookup.m */,
				50ACD96A149D3BC600757969 /* ExtractSpotifyURI.h */,
				50ACD96B149D3BC600757969 /* ExtractSpotifyURI.m */,
				507C4C5C149E797E00A7EEE7 /* URIToURLConverter.h */,
				507C4C5D149E797E00A7EEE7 /* URIToURLConverter.m */,
			);
			name = "Display Playlist";
			sourceTree = "<group>";
		};
		5094D1181481009400EFF0CD /* Echoprint Library */ = {
			isa = PBXGroup;
			children = (
				5094D10A1481008E00EFF0CD /* CADebugMacros.h */,
				5094D10B1481008E00EFF0CD /* CADebugPrintf.h */,
				5094D10C1481008E00EFF0CD /* CADebugPrintf.mm */,
				5094D10D1481008E00EFF0CD /* CAStreamBasicDescription.h */,
				5094D10E1481008E00EFF0CD /* Codegen_wrapper.h */,
				5094D10F1481008E00EFF0CD /* Codegen_wrapper.mm */,
				5094D1101481008E00EFF0CD /* Codegen.h */,
				5094D1111481008E00EFF0CD /* GetPCMFromFile.h */,
				5094D1121481008E00EFF0CD /* GetPCMFromFile.mm */,
				5094D1131481008E00EFF0CD /* libechoprint-codegen-ios.a */,
			);
			name = "Echoprint Library";
			sourceTree = "<group>";
		};
		5094D148148108F500EFF0CD /* JSON */ = {
			isa = PBXGroup;
			children = (
				5094D123148108F000EFF0CD /* NSObject+SBJson.h */,
				5094D124148108F000EFF0CD /* NSObject+SBJson.m */,
				5094D125148108F000EFF0CD /* SBJson.h */,
				5094D126148108F000EFF0CD /* SBJsonParser.h */,
				5094D127148108F000EFF0CD /* SBJsonParser.m */,
				5094D128148108F000EFF0CD /* SBJsonStreamParser.h */,
				5094D129148108F000EFF0CD /* SBJsonStreamParser.m */,
				5094D12A148108F000EFF0CD /* SBJsonStreamParserAccumulator.h */,
				5094D12B148108F000EFF0CD /* SBJsonStreamParserAccumulator.m */,
				5094D12C148108F000EFF0CD /* SBJsonStreamParserAdapter.h */,
				5094D12D148108F000EFF0CD /* SBJsonStreamParserAdapter.m */,
				5094D12E148108F000EFF0CD /* SBJsonStreamParserState.h */,
				5094D12F148108F000EFF0CD /* SBJsonStreamParserState.m */,
				5094D130148108F000EFF0CD /* SBJsonStreamWriter.h */,
				5094D131148108F000EFF0CD /* SBJsonStreamWriter.m */,
				5094D132148108F000EFF0CD /* SBJsonStreamWriterAccumulator.h */,
				5094D133148108F100EFF0CD /* SBJsonStreamWriterAccumulator.m */,
				5094D134148108F100EFF0CD /* SBJsonStreamWriterState.h */,
				5094D135148108F100EFF0CD /* SBJsonStreamWriterState.m */,
				5094D136148108F100EFF0CD /* SBJsonTokeniser.h */,
				5094D137148108F100EFF0CD /* SBJsonTokeniser.m */,
				5094D138148108F100EFF0CD /* SBJsonUTF8Stream.h */,
				5094D139148108F100EFF0CD /* SBJsonUTF8Stream.m */,
				5094D13A148108F100EFF0CD /* SBJsonWriter.h */,
				5094D13B148108F100EFF0CD /* SBJsonWriter.m */,
			);
			name = JSON;
			sourceTree = "<group>";
		};
		50A1E5B2147FE4AF005F5340 = {
			isa = PBXGroup;
			children = (
				5022F1B314C9E66D007B864B /* appkey.h */,
				5022F1A114C9E579007B864B /* CocoaLibSpotify iOS Library.xcodeproj */,
				5094D148148108F500EFF0CD /* JSON */,
				5094D1181481009400EFF0CD /* Echoprint Library */,
				503755E314800C37001870C9 /* Heads-Up Display */,
				50A1E5ED147FE73D005F5340 /* Images */,
				50A1E5C7147FE4AF005F5340 /* Playlist2 */,
				50A1E5C0147FE4AF005F5340 /* Frameworks */,
				50A1E5BE147FE4AF005F5340 /* Products */,
			);
			sourceTree = "<group>";
		};
		50A1E5BE147FE4AF005F5340 /* Products */ = {
			isa = PBXGroup;
			children = (
				50A1E5BD147FE4AF005F5340 /* Playlist2.app */,
			);
			name = Products;
			sourceTree = "<group>";
		};
		50A1E5C0147FE4AF005F5340 /* Frameworks */ = {
			isa = PBXGroup;
			children = (
				5022F1B614C9E76B007B864B /* CFNetwork.framework */,
				5022F1B414C9E75F007B864B /* libstdc++.dylib */,
				5094D121148105C000EFF0CD /* libz.dylib */,
				5094D11D1481045D00EFF0CD /* MediaPlayer.framework */,
				5094D11F1481051200EFF0CD /* SystemConfiguration.framework */,
				5094D11B1481043900EFF0CD /* CoreAudio.framework */,
				5094D1191481041E00EFF0CD /* AudioToolbox.framework */,
				503755E414800F6A001870C9 /* QuartzCore.framework */,
				503755CF147FF873001870C9 /* AVFoundation.framework */,
				50A1E5C1147FE4AF005F5340 /* UIKit.framework */,
				50A1E5C3147FE4AF005F5340 /* Foundation.framework */,
				50A1E5C5147FE4AF005F5340 /* CoreGraphics.framework */,
			);
			name = Frameworks;
			sourceTree = "<group>";
		};
		50A1E5C7147FE4AF005F5340 /* Playlist2 */ = {
			isa = PBXGroup;
			children = (
				501542D514C9B4F2001B842E /* Spotify Player */,
				503755D8147FFA1F001870C9 /* App Delegate */,
				50A1E5E8147FE6D5005F5340 /* Identifying */,
				503755DA14800B12001870C9 /* Analysis */,
				5049BA26148F70AC0037637C /* Find Similar */,
				503755D9147FFA2C001870C9 /* Input Recorder */,
				50573FA8149A8B0D0053B6C7 /* Display Playlist */,
				50A1E5C8147FE4AF005F5340 /* Supporting Files */,
			);
			path = Playlist2;
			sourceTree = "<group>";
		};
		50A1E5C8147FE4AF005F5340 /* Supporting Files */ = {
			isa = PBXGroup;
			children = (
				50A1E5C9147FE4AF005F5340 /* Playlist2-Info.plist */,
				50A1E5CA147FE4AF005F5340 /* InfoPlist.strings */,
				50A1E5CD147FE4AF005F5340 /* main.m */,
				50A1E5CF147FE4AF005F5340 /* Playlist2-Prefix.pch */,
			);
			name = "Supporting Files";
			sourceTree = "<group>";
		};
		50A1E5E8147FE6D5005F5340 /* Identifying */ = {
			isa = PBXGroup;
			children = (
				50A1E5DE147FE4FF005F5340 /* IdentifyViewController.h */,
				50A1E5DF147FE4FF005F5340 /* IdentifyViewController.mm */,
				50A1E5E0147FE4FF005F5340 /* IdentifyViewController.xib */,
			);
			name = Identifying;
			sourceTree = "<group>";
		};
		50A1E5ED147FE73D005F5340 /* Images */ = {
			isa = PBXGroup;
			children = (
				501542E814C9B5D0001B842E /* Player Images */,
				503755EE14801E78001870C9 /* Record Meter */,
				50A1E5EE147FE74B005F5340 /* Backgrounds */,
			);
			name = Images;
			sourceTree = "<group>";
		};
		50A1E5EE147FE74B005F5340 /* Backgrounds */ = {
			isa = PBXGroup;
			children = (
				50A1E5E9147FE739005F5340 /* leather@2x.jpg */,
				50A1E5EA147FE739005F5340 /* leather.jpg */,
			);
			name = Backgrounds;
			sourceTree = "<group>";
		};
/* End PBXGroup section */

/* Begin PBXNativeTarget section */
		50A1E5BC147FE4AF005F5340 /* Playlist2 */ = {
			isa = PBXNativeTarget;
			buildConfigurationList = 50A1E5DB147FE4AF005F5340 /* Build configuration list for PBXNativeTarget "Playlist2" */;
			buildPhases = (
				50A1E5B9147FE4AF005F5340 /* Sources */,
				50A1E5BA147FE4AF005F5340 /* Frameworks */,
				50A1E5BB147FE4AF005F5340 /* Resources */,
			);
			buildRules = (
			);
			dependencies = (
				50DB0CEA14CA0FB100659BB2 /* PBXTargetDependency */,
			);
			name = Playlist2;
			productName = Playlist2;
			productReference = 50A1E5BD147FE4AF005F5340 /* Playlist2.app */;
			productType = "com.apple.product-type.application";
		};
/* End PBXNativeTarget section */

/* Begin PBXProject section */
		50A1E5B4147FE4AF005F5340 /* Project object */ = {
			isa = PBXProject;
			attributes = {
				LastUpgradeCheck = 0420;
			};
			buildConfigurationList = 50A1E5B7147FE4AF005F5340 /* Build configuration list for PBXProject "Playlist2" */;
			compatibilityVersion = "Xcode 3.2";
			developmentRegion = English;
			hasScannedForEncodings = 0;
			knownRegions = (
				en,
			);
			mainGroup = 50A1E5B2147FE4AF005F5340;
			productRefGroup = 50A1E5BE147FE4AF005F5340 /* Products */;
			projectDirPath = "";
			projectReferences = (
				{
					ProductGroup = 5022F1A214C9E579007B864B /* Products */;
					ProjectRef = 5022F1A114C9E579007B864B /* CocoaLibSpotify iOS Library.xcodeproj */;
				},
			);
			projectRoot = "";
			targets = (
				50A1E5BC147FE4AF005F5340 /* Playlist2 */,
			);
		};
/* End PBXProject section */

/* Begin PBXReferenceProxy section */
		5022F1A914C9E57A007B864B /* libCocoaLibSpotify.a */ = {
			isa = PBXReferenceProxy;
			fileType = archive.ar;
			path = libCocoaLibSpotify.a;
			remoteRef = 5022F1A814C9E57A007B864B /* PBXContainerItemProxy */;
			sourceTree = BUILT_PRODUCTS_DIR;
		};
/* End PBXReferenceProxy section */

/* Begin PBXResourcesBuildPhase section */
		50A1E5BB147FE4AF005F5340 /* Resources */ = {
			isa = PBXResourcesBuildPhase;
			buildActionMask = 2147483647;
			files = (
				50A1E5CC147FE4AF005F5340 /* InfoPlist.strings in Resources */,
				50A1E5E2147FE4FF005F5340 /* IdentifyViewController.xib in Resources */,
				50A1E5EB147FE739005F5340 /* leather@2x.jpg in Resources */,
				50A1E5EC147FE739005F5340 /* leather.jpg in Resources */,
				503755DF14800B39001870C9 /* AnalyseViewController.xib in Resources */,
				503755EB14801E6E001870C9 /* green.png in Resources */,
				503755EC14801E6E001870C9 /* orange.png in Resources */,
				503755ED14801E6E001870C9 /* red.png in Resources */,
				50FA52E9148135BB00A95D3C /* cross2.png in Resources */,
				50F023B91491179F00FE44D4 /* tick.png in Resources */,
				507E531014939DD50066DF21 /* EchonestPlaylistParameterViewController.xib in Resources */,
				50573FAD149A8D430053B6C7 /* DisplayPlaylistViewController.xib in Resources */,
				501542DB14C9B520001B842E /* SpotifyPlayer.xib in Resources */,
				501542ED14C9BA4B001B842E /* pause.png in Resources */,
				501542EE14C9BA4B001B842E /* pause@2x.png in Resources */,
				501542EF14C9BA4B001B842E /* play.png in Resources */,
				501542F014C9BA4B001B842E /* play@2x.png in Resources */,
			);
			runOnlyForDeploymentPostprocessing = 0;
		};
/* End PBXResourcesBuildPhase section */

/* Begin PBXSourcesBuildPhase section */
		50A1E5B9147FE4AF005F5340 /* Sources */ = {
			isa = PBXSourcesBuildPhase;
			buildActionMask = 2147483647;
			files = (
				50A1E5CE147FE4AF005F5340 /* main.m in Sources */,
				50DB0CD914CA0E4100659BB2 /* SPCircularBuffer.m in Sources */,
				50A1E5D2147FE4AF005F5340 /* playlist2AppDelegate.m in Sources */,
				50A1E5E1147FE4FF005F5340 /* IdentifyViewController.mm in Sources */,
				503755D7147FFA16001870C9 /* InputRecorder.mm in Sources */,
				503755DE14800B39001870C9 /* AnalyseViewController.mm in Sources */,
				503755E214800C34001870C9 /* MBProgressHUD.m in Sources */,
				5094D1091480FD6700EFF0CD /* AnalysisConnection.mm in Sources */,
				5094D1141481008E00EFF0CD /* CADebugPrintf.mm in Sources */,
				5094D1151481008E00EFF0CD /* Codegen_wrapper.mm in Sources */,
				5094D1161481008E00EFF0CD /* GetPCMFromFile.mm in Sources */,
				5094D13C148108F100EFF0CD /* NSObject+SBJson.m in Sources */,
				5094D13D148108F100EFF0CD /* SBJsonParser.m in Sources */,
				5094D13E148108F100EFF0CD /* SBJsonStreamParser.m in Sources */,
				5094D13F148108F100EFF0CD /* SBJsonStreamParserAccumulator.m in Sources */,
				5094D140148108F100EFF0CD /* SBJsonStreamParserAdapter.m in Sources */,
				5094D141148108F100EFF0CD /* SBJsonStreamParserState.m in Sources */,
				5094D142148108F100EFF0CD /* SBJsonStreamWriter.m in Sources */,
				5094D143148108F100EFF0CD /* SBJsonStreamWriterAccumulator.m in Sources */,
				5094D144148108F100EFF0CD /* SBJsonStreamWriterState.m in Sources */,
				5094D145148108F100EFF0CD /* SBJsonTokeniser.m in Sources */,
				5094D146148108F100EFF0CD /* SBJsonUTF8Stream.m in Sources */,
				5094D147148108F100EFF0CD /* SBJsonWriter.m in Sources */,
				50FA52ED1481428F00A95D3C /* SongProfileConnection.m in Sources */,
				507E530F14939DD50066DF21 /* EchonestPlaylistParameterViewController.m in Sources */,
				50E853D61494FF1F00C18F54 /* EchonestSimilarConnection.m in Sources */,
				50573FA6149A86510053B6C7 /* SpotifyURILookup.m in Sources */,
				50573FAC149A8D430053B6C7 /* DisplayPlaylistViewController.m in Sources */,
				5056EBA5149BC68900335C9C /* ReadPlaylistSuggestions.m in Sources */,
				50ACD96C149D3BC600757969 /* ExtractSpotifyURI.m in Sources */,
				507C4C5E149E797E00A7EEE7 /* URIToURLConverter.m in Sources */,
				501542DA14C9B520001B842E /* SpotifyPlayer.m in Sources */,
				50DB0CDA14CA0E4100659BB2 /* SPPlaybackManager.m in Sources */,
			);
			runOnlyForDeploymentPostprocessing = 0;
		};
/* End PBXSourcesBuildPhase section */

/* Begin PBXTargetDependency section */
		50DB0CEA14CA0FB100659BB2 /* PBXTargetDependency */ = {
			isa = PBXTargetDependency;
			name = CocoaLibSpotify;
			targetProxy = 50DB0CE914CA0FB100659BB2 /* PBXContainerItemProxy */;
		};
/* End PBXTargetDependency section */

/* Begin PBXVariantGroup section */
		50A1E5CA147FE4AF005F5340 /* InfoPlist.strings */ = {
			isa = PBXVariantGroup;
			children = (
				50A1E5CB147FE4AF005F5340 /* en */,
			);
			name = InfoPlist.strings;
			sourceTree = "<group>";
		};
/* End PBXVariantGroup section */

/* Begin XCBuildConfiguration section */
		50A1E5D9147FE4AF005F5340 /* Debug */ = {
			isa = XCBuildConfiguration;
			buildSettings = {
				ALWAYS_SEARCH_USER_PATHS = NO;
				ARCHS = "$(ARCHS_STANDARD_32_BIT)";
				CLANG_ENABLE_OBJC_ARC = YES;
				"CODE_SIGN_IDENTITY[sdk=iphoneos*]" = "iPhone Developer";
				COPY_PHASE_STRIP = NO;
				GCC_C_LANGUAGE_STANDARD = gnu99;
				GCC_DYNAMIC_NO_PIC = NO;
				GCC_OPTIMIZATION_LEVEL = 0;
				GCC_PREPROCESSOR_DEFINITIONS = (
					"DEBUG=1",
					"$(inherited)",
				);
				GCC_SYMBOLS_PRIVATE_EXTERN = NO;
				GCC_VERSION = com.apple.compilers.llvm.clang.1_0;
				GCC_WARN_ABOUT_MISSING_PROTOTYPES = YES;
				GCC_WARN_ABOUT_RETURN_TYPE = YES;
				GCC_WARN_UNUSED_VARIABLE = YES;
				IPHONEOS_DEPLOYMENT_TARGET = 5.0;
				SDKROOT = iphoneos;
			};
			name = Debug;
		};
		50A1E5DA147FE4AF005F5340 /* Release */ = {
			isa = XCBuildConfiguration;
			buildSettings = {
				ALWAYS_SEARCH_USER_PATHS = NO;
				ARCHS = "$(ARCHS_STANDARD_32_BIT)";
				CLANG_ENABLE_OBJC_ARC = YES;
				"CODE_SIGN_IDENTITY[sdk=iphoneos*]" = "iPhone Developer";
				COPY_PHASE_STRIP = YES;
				GCC_C_LANGUAGE_STANDARD = gnu99;
				GCC_VERSION = com.apple.compilers.llvm.clang.1_0;
				GCC_WARN_ABOUT_MISSING_PROTOTYPES = YES;
				GCC_WARN_ABOUT_RETURN_TYPE = YES;
				GCC_WARN_UNUSED_VARIABLE = YES;
				IPHONEOS_DEPLOYMENT_TARGET = 5.0;
				OTHER_CFLAGS = "-DNS_BLOCK_ASSERTIONS=1";
				SDKROOT = iphoneos;
				VALIDATE_PRODUCT = YES;
			};
			name = Release;
		};
		50A1E5DC147FE4AF005F5340 /* Debug */ = {
			isa = XCBuildConfiguration;
			buildSettings = {
				ARCHS = "$(ARCHS_STANDARD_32_BIT)";
				CLANG_ENABLE_OBJC_ARC = YES;
				GCC_PRECOMPILE_PREFIX_HEADER = YES;
				GCC_PREFIX_HEADER = "Playlist2/Playlist2-Prefix.pch";
				GCC_VERSION = "";
				HEADER_SEARCH_PATHS = "\"/usr/local/include/boost-1_35\"";
				INFOPLIST_FILE = "Playlist2/Playlist2-Info.plist";
				IPHONEOS_DEPLOYMENT_TARGET = 5.0;
				LIBRARY_SEARCH_PATHS = (
					"$(inherited)",
					"\"$(SRCROOT)\"",
				);
				OTHER_CFLAGS = "";
				OTHER_LDFLAGS = (
					"-all_load",
					"-ObjC",
				);
				PRODUCT_NAME = "$(TARGET_NAME)";
				SDKROOT = iphoneos;
				WRAPPER_EXTENSION = app;
			};
			name = Debug;
		};
		50A1E5DD147FE4AF005F5340 /* Release */ = {
			isa = XCBuildConfiguration;
			buildSettings = {
				ARCHS = "$(ARCHS_STANDARD_32_BIT)";
				CLANG_ENABLE_OBJC_ARC = YES;
				GCC_PRECOMPILE_PREFIX_HEADER = YES;
				GCC_PREFIX_HEADER = "Playlist2/Playlist2-Prefix.pch";
				GCC_VERSION = "";
				HEADER_SEARCH_PATHS = "\"/usr/local/include/boost-1_35\"";
				INFOPLIST_FILE = "Playlist2/Playlist2-Info.plist";
				IPHONEOS_DEPLOYMENT_TARGET = 5.0;
				LIBRARY_SEARCH_PATHS = (
					"$(inherited)",
					"\"$(SRCROOT)\"",
				);
				OTHER_CFLAGS = "";
				OTHER_LDFLAGS = (
					"-all_load",
					"-ObjC",
				);
				PRODUCT_NAME = "$(TARGET_NAME)";
				SDKROOT = iphoneos;
				WRAPPER_EXTENSION = app;
			};
			name = Release;
		};
/* End XCBuildConfiguration section */

/* Begin XCConfigurationList section */
		50A1E5B7147FE4AF005F5340 /* Build configuration list for PBXProject "Playlist2" */ = {
			isa = XCConfigurationList;
			buildConfigurations = (
				50A1E5D9147FE4AF005F5340 /* Debug */,
				50A1E5DA147FE4AF005F5340 /* Release */,
			);
			defaultConfigurationIsVisible = 0;
			defaultConfigurationName = Release;
		};
		50A1E5DB147FE4AF005F5340 /* Build configuration list for PBXNativeTarget "Playlist2" */ = {
			isa = XCConfigurationList;
			buildConfigurations = (
				50A1E5DC147FE4AF005F5340 /* Debug */,
				50A1E5DD147FE4AF005F5340 /* Release */,
			);
			defaultConfigurationIsVisible = 0;
			defaultConfigurationName = Release;
		};
/* End XCConfigurationList section */
	};
	rootObject = 50A1E5B4147FE4AF005F5340 /* Project object */;
}
